{
    "name": "database",
    "lockfileVersion": 2,
    "requires": true,
    "packages": {
        "": {
            "dependencies": {
                "@node-redis/json": "^1.0.1",
                "@node-redis/search": "^1.0.1",
                "csv-parser": "^3.0.0",
                "dotenv": "^10.0.0",
                "meilisearch": "^0.23.0",
                "redis": "^4.0.1"
            },
            "devDependencies": {
                "@types/node": "^16.11.6",
                "typescript": "^4.4.4"
            }
        },
        "node_modules/@node-redis/client": {
            "version": "1.0.1",
            "resolved": "https://registry.npmjs.org/@node-redis/client/-/client-1.0.1.tgz",
            "integrity": "sha512-o0I4LdzJXP6QYxRnBPrQ7cIG5tF3SNM/PBnjC3mV6QkzIiGRElzWqSr9a9JCJdcyB1SIA80bhgGhpdTpCQ1Sdw==",
            "dependencies": {
                "cluster-key-slot": "1.1.0",
                "generic-pool": "3.8.2",
                "redis-parser": "3.0.0",
                "yallist": "4.0.0"
            },
            "engines": {
                "node": ">=12"
            }
        },
        "node_modules/@node-redis/json": {
            "version": "1.0.1",
            "resolved": "https://registry.npmjs.org/@node-redis/json/-/json-1.0.1.tgz",
            "integrity": "sha512-2EB96ZN0yUr4mgA9Odme48jX8eF5Ji0jrsRn4rLfEhME7L3rHLdKeUfxJKxbPOxadP6k8+6ViElxPZrKuV2nvQ==",
            "peerDependencies": {
                "@node-redis/client": "^1.0.0"
            }
        },
        "node_modules/@node-redis/search": {
            "version": "1.0.1",
            "resolved": "https://registry.npmjs.org/@node-redis/search/-/search-1.0.1.tgz",
            "integrity": "sha512-iA2Gw6gr0X6IfNSjTyme9W1tDlLkwQ1bPApo4s8aVwZ2Ju8Z4COVik0vT6BJPRin79f5xPZgnaec3DIoC2UpHA==",
            "peerDependencies": {
                "@node-redis/client": "^1.0.0"
            }
        },
        "node_modules/@node-redis/time-series": {
            "version": "1.0.0",
            "resolved": "https://registry.npmjs.org/@node-redis/time-series/-/time-series-1.0.0.tgz",
            "integrity": "sha512-QcaCIL/DlYJXedSfmjF+IRxKJbBUXBrjA5Gv0IiPlXXFFOkRnbPGKq6hmwBAAWyk1U03wyBHDFKVS3/9GnZV8g==",
            "peerDependencies": {
                "@node-redis/client": "^1.0.0"
            }
        },
        "node_modules/@types/node": {
            "version": "16.11.18",
            "resolved": "https://registry.npmjs.org/@types/node/-/node-16.11.18.tgz",
            "integrity": "sha512-7N8AOYWWYuw0g+K+GKCmIwfU1VMHcexYNpLPYzFZ4Uq2W6C/ptfeC7XhXgy/4pcwhz/9KoS5yijMfnYQ0u0Udw==",
            "dev": true
        },
        "node_modules/cluster-key-slot": {
            "version": "1.1.0",
            "resolved": "https://registry.npmjs.org/cluster-key-slot/-/cluster-key-slot-1.1.0.tgz",
            "integrity": "sha512-2Nii8p3RwAPiFwsnZvukotvow2rIHM+yQ6ZcBXGHdniadkYGZYiGmkHJIbZPIV9nfv7m/U1IPMVVcAhoWFeklw==",
            "engines": {
                "node": ">=0.10.0"
            }
        },
        "node_modules/cross-fetch": {
            "version": "3.1.4",
            "resolved": "https://registry.npmjs.org/cross-fetch/-/cross-fetch-3.1.4.tgz",
            "integrity": "sha512-1eAtFWdIubi6T4XPy6ei9iUFoKpUkIF971QLN8lIvvvwueI65+Nw5haMNKUwfJxabqlIIDODJKGrQ66gxC0PbQ==",
            "dependencies": {
                "node-fetch": "2.6.1"
            }
        },
        "node_modules/csv-parser": {
            "version": "3.0.0",
            "resolved": "https://registry.npmjs.org/csv-parser/-/csv-parser-3.0.0.tgz",
            "integrity": "sha512-s6OYSXAK3IdKqYO33y09jhypG/bSDHPuyCme/IdEHfWpLf/jKcpitVFyOC6UemgGk8v7Q5u2XE0vvwmanxhGlQ==",
            "dependencies": {
                "minimist": "^1.2.0"
            },
            "bin": {
                "csv-parser": "bin/csv-parser"
            },
            "engines": {
                "node": ">= 10"
            }
        },
        "node_modules/dotenv": {
            "version": "10.0.0",
            "resolved": "https://registry.npmjs.org/dotenv/-/dotenv-10.0.0.tgz",
            "integrity": "sha512-rlBi9d8jpv9Sf1klPjNfFAuWDjKLwTIJJ/VxtoTwIR6hnZxcEOQCZg2oIL3MWBYw5GpUDKOEnND7LXTbIpQ03Q==",
            "engines": {
                "node": ">=10"
            }
        },
        "node_modules/generic-pool": {
            "version": "3.8.2",
            "resolved": "https://registry.npmjs.org/generic-pool/-/generic-pool-3.8.2.tgz",
            "integrity": "sha512-nGToKy6p3PAbYQ7p1UlWl6vSPwfwU6TMSWK7TTu+WUY4ZjyZQGniGGt2oNVvyNSpyZYSB43zMXVLcBm08MTMkg==",
            "engines": {
                "node": ">= 4"
            }
        },
        "node_modules/meilisearch": {
            "version": "0.23.0",
            "resolved": "https://registry.npmjs.org/meilisearch/-/meilisearch-0.23.0.tgz",
            "integrity": "sha512-bLNonPJK2pJz2akjwolcc/Eqnz/GKJ7y1I4Flg4zjL+v0yPFyIGFFdfe0dw93JWFJWj/RbLS2Q6dDTobZQ9Ehg==",
            "dependencies": {
                "cross-fetch": "^3.1.4"
            }
        },
        "node_modules/minimist": {
            "version": "1.2.5",
            "resolved": "https://registry.npmjs.org/minimist/-/minimist-1.2.5.tgz",
            "integrity": "sha512-FM9nNUYrRBAELZQT3xeZQ7fmMOBg6nWNmJKTcgsJeaLstP/UODVpGsr5OhXhhXg6f+qtJ8uiZ+PUxkDWcgIXLw=="
        },
        "node_modules/node-fetch": {
            "version": "2.6.1",
            "resolved": "https://registry.npmjs.org/node-fetch/-/node-fetch-2.6.1.tgz",
            "integrity": "sha512-V4aYg89jEoVRxRb2fJdAg8FHvI7cEyYdVAh94HH0UIK8oJxUfkjlDQN9RbMx+bEjP7+ggMiFRprSti032Oipxw==",
            "engines": {
                "node": "4.x || >=6.0.0"
            }
        },
        "node_modules/redis": {
            "version": "4.0.1",
            "resolved": "https://registry.npmjs.org/redis/-/redis-4.0.1.tgz",
            "integrity": "sha512-qfcq1oz2ci7pNdCfTLLEuKhS8jZ17dFiT1exogOr+jd3EVP/h9qpy7K+VajB4BXA0k8q68KFqR6HrliKV6jt1Q==",
            "dependencies": {
                "@node-redis/client": "^1.0.1",
                "@node-redis/json": "^1.0.1",
                "@node-redis/search": "^1.0.1",
                "@node-redis/time-series": "^1.0.0"
            },
            "engines": {
                "npm": ">=7"
            }
        },
        "node_modules/redis-errors": {
            "version": "1.2.0",
            "resolved": "https://registry.npmjs.org/redis-errors/-/redis-errors-1.2.0.tgz",
            "integrity": "sha1-62LSrbFeTq9GEMBK/hUpOEJQq60=",
            "engines": {
                "node": ">=4"
            }
        },
        "node_modules/redis-parser": {
            "version": "3.0.0",
            "resolved": "https://registry.npmjs.org/redis-parser/-/redis-parser-3.0.0.tgz",
            "integrity": "sha1-tm2CjNyv5rS4pCin3vTGvKwxyLQ=",
            "dependencies": {
                "redis-errors": "^1.0.0"
            },
            "engines": {
                "node": ">=4"
            }
        },
        "node_modules/typescript": {
            "version": "4.5.4",
            "resolved": "https://registry.npmjs.org/typescript/-/typescript-4.5.4.tgz",
            "integrity": "sha512-VgYs2A2QIRuGphtzFV7aQJduJ2gyfTljngLzjpfW9FoYZF6xuw1W0vW9ghCKLfcWrCFxK81CSGRAvS1pn4fIUg==",
            "dev": true,
            "bin": {
                "tsc": "bin/tsc",
                "tsserver": "bin/tsserver"
            },
            "engines": {
                "node": ">=4.2.0"
            }
        },
        "node_modules/yallist": {
            "version": "4.0.0",
            "resolved": "https://registry.npmjs.org/yallist/-/yallist-4.0.0.tgz",
            "integrity": "sha512-3wdGidZyq5PB084XLES5TpOSRA3wjXAlIWMhum2kRcv/41Sn2emQ0dycQW4uZXLejwKvg6EsvbdlVL+FYEct7A=="
        }
    },
    "dependencies": {
        "@node-redis/client": {
            "version": "1.0.1",
            "resolved": "https://registry.npmjs.org/@node-redis/client/-/client-1.0.1.tgz",
            "integrity": "sha512-o0I4LdzJXP6QYxRnBPrQ7cIG5tF3SNM/PBnjC3mV6QkzIiGRElzWqSr9a9JCJdcyB1SIA80bhgGhpdTpCQ1Sdw==",
            "requires": {
                "cluster-key-slot": "1.1.0",
                "generic-pool": "3.8.2",
                "redis-parser": "3.0.0",
                "yallist": "4.0.0"
            }
        },
        "@node-redis/json": {
            "version": "1.0.1",
            "resolved": "https://registry.npmjs.org/@node-redis/json/-/json-1.0.1.tgz",
            "integrity": "sha512-2EB96ZN0yUr4mgA9Odme48jX8eF5Ji0jrsRn4rLfEhME7L3rHLdKeUfxJKxbPOxadP6k8+6ViElxPZrKuV2nvQ==",
            "requires": {}
        },
        "@node-redis/search": {
            "version": "1.0.1",
            "resolved": "https://registry.npmjs.org/@node-redis/search/-/search-1.0.1.tgz",
            "integrity": "sha512-iA2Gw6gr0X6IfNSjTyme9W1tDlLkwQ1bPApo4s8aVwZ2Ju8Z4COVik0vT6BJPRin79f5xPZgnaec3DIoC2UpHA==",
            "requires": {}
        },
        "@node-redis/time-series": {
            "version": "1.0.0",
            "resolved": "https://registry.npmjs.org/@node-redis/time-series/-/time-series-1.0.0.tgz",
            "integrity": "sha512-QcaCIL/DlYJXedSfmjF+IRxKJbBUXBrjA5Gv0IiPlXXFFOkRnbPGKq6hmwBAAWyk1U03wyBHDFKVS3/9GnZV8g==",
            "requires": {}
        },
        "@types/node": {
            "version": "16.11.18",
            "resolved": "https://registry.npmjs.org/@types/node/-/node-16.11.18.tgz",
            "integrity": "sha512-7N8AOYWWYuw0g+K+GKCmIwfU1VMHcexYNpLPYzFZ4Uq2W6C/ptfeC7XhXgy/4pcwhz/9KoS5yijMfnYQ0u0Udw==",
            "dev": true
        },
        "cluster-key-slot": {
            "version": "1.1.0",
            "resolved": "https://registry.npmjs.org/cluster-key-slot/-/cluster-key-slot-1.1.0.tgz",
            "integrity": "sha512-2Nii8p3RwAPiFwsnZvukotvow2rIHM+yQ6ZcBXGHdniadkYGZYiGmkHJIbZPIV9nfv7m/U1IPMVVcAhoWFeklw=="
        },
        "cross-fetch": {
            "version": "3.1.4",
            "resolved": "https://registry.npmjs.org/cross-fetch/-/cross-fetch-3.1.4.tgz",
            "integrity": "sha512-1eAtFWdIubi6T4XPy6ei9iUFoKpUkIF971QLN8lIvvvwueI65+Nw5haMNKUwfJxabqlIIDODJKGrQ66gxC0PbQ==",
            "requires": {
                "node-fetch": "2.6.1"
            }
        },
        "csv-parser": {
            "version": "3.0.0",
            "resolved": "https://registry.npmjs.org/csv-parser/-/csv-parser-3.0.0.tgz",
            "integrity": "sha512-s6OYSXAK3IdKqYO33y09jhypG/bSDHPuyCme/IdEHfWpLf/jKcpitVFyOC6UemgGk8v7Q5u2XE0vvwmanxhGlQ==",
            "requires": {
                "minimist": "^1.2.0"
            }
        },
        "dotenv": {
            "version": "10.0.0",
            "resolved": "https://registry.npmjs.org/dotenv/-/dotenv-10.0.0.tgz",
            "integrity": "sha512-rlBi9d8jpv9Sf1klPjNfFAuWDjKLwTIJJ/VxtoTwIR6hnZxcEOQCZg2oIL3MWBYw5GpUDKOEnND7LXTbIpQ03Q=="
        },
        "generic-pool": {
            "version": "3.8.2",
            "resolved": "https://registry.npmjs.org/generic-pool/-/generic-pool-3.8.2.tgz",
            "integrity": "sha512-nGToKy6p3PAbYQ7p1UlWl6vSPwfwU6TMSWK7TTu+WUY4ZjyZQGniGGt2oNVvyNSpyZYSB43zMXVLcBm08MTMkg=="
        },
        "meilisearch": {
            "version": "0.23.0",
            "resolved": "https://registry.npmjs.org/meilisearch/-/meilisearch-0.23.0.tgz",
            "integrity": "sha512-bLNonPJK2pJz2akjwolcc/Eqnz/GKJ7y1I4Flg4zjL+v0yPFyIGFFdfe0dw93JWFJWj/RbLS2Q6dDTobZQ9Ehg==",
            "requires": {
                "cross-fetch": "^3.1.4"
            }
        },
        "minimist": {
            "version": "1.2.5",
            "resolved": "https://registry.npmjs.org/minimist/-/minimist-1.2.5.tgz",
            "integrity": "sha512-FM9nNUYrRBAELZQT3xeZQ7fmMOBg6nWNmJKTcgsJeaLstP/UODVpGsr5OhXhhXg6f+qtJ8uiZ+PUxkDWcgIXLw=="
        },
        "node-fetch": {
            "version": "2.6.1",
            "resolved": "https://registry.npmjs.org/node-fetch/-/node-fetch-2.6.1.tgz",
            "integrity": "sha512-V4aYg89jEoVRxRb2fJdAg8FHvI7cEyYdVAh94HH0UIK8oJxUfkjlDQN9RbMx+bEjP7+ggMiFRprSti032Oipxw=="
        },
        "redis": {
            "version": "4.0.1",
            "resolved": "https://registry.npmjs.org/redis/-/redis-4.0.1.tgz",
            "integrity": "sha512-qfcq1oz2ci7pNdCfTLLEuKhS8jZ17dFiT1exogOr+jd3EVP/h9qpy7K+VajB4BXA0k8q68KFqR6HrliKV6jt1Q==",
            "requires": {
                "@node-redis/client": "^1.0.1",
                "@node-redis/json": "^1.0.1",
                "@node-redis/search": "^1.0.1",
                "@node-redis/time-series": "^1.0.0"
            }
        },
        "redis-errors": {
            "version": "1.2.0",
            "resolved": "https://registry.npmjs.org/redis-errors/-/redis-errors-1.2.0.tgz",
            "integrity": "sha1-62LSrbFeTq9GEMBK/hUpOEJQq60="
        },
        "redis-parser": {
            "version": "3.0.0",
            "resolved": "https://registry.npmjs.org/redis-parser/-/redis-parser-3.0.0.tgz",
            "integrity": "sha1-tm2CjNyv5rS4pCin3vTGvKwxyLQ=",
            "requires": {
                "redis-errors": "^1.0.0"
            }
        },
        "typescript": {
            "version": "4.5.4",
            "resolved": "https://registry.npmjs.org/typescript/-/typescript-4.5.4.tgz",
            "integrity": "sha512-VgYs2A2QIRuGphtzFV7aQJduJ2gyfTljngLzjpfW9FoYZF6xuw1W0vW9ghCKLfcWrCFxK81CSGRAvS1pn4fIUg==",
            "dev": true
        },
        "yallist": {
            "version": "4.0.0",
            "resolved": "https://registry.npmjs.org/yallist/-/yallist-4.0.0.tgz",
            "integrity": "sha512-3wdGidZyq5PB084XLES5TpOSRA3wjXAlIWMhum2kRcv/41Sn2emQ0dycQW4uZXLejwKvg6EsvbdlVL+FYEct7A=="
        }
    }
}
